// !$*UTF8*$!
{
	archiveVersion = 1;
	classes = {
	};
	objectVersion = 50;
	objects = {

/* Begin PBXBuildFile section */
		AB464F16217FAA33009F111F /* MutableCollection+Ext.swift in Sources */ = {isa = PBXBuildFile; fileRef = AB464F15217FAA33009F111F /* MutableCollection+Ext.swift */; };
		AB464F18217FAE42009F111F /* Shakeable.swift in Sources */ = {isa = PBXBuildFile; fileRef = AB464F17217FAE42009F111F /* Shakeable.swift */; };
		ABA34BAA217F6B540057CD42 /* UIColectionView+Ext.swift in Sources */ = {isa = PBXBuildFile; fileRef = ABA34BA9217F6B540057CD42 /* UIColectionView+Ext.swift */; };
		ABE8D28C217E5422003455C9 /* AppDelegate.swift in Sources */ = {isa = PBXBuildFile; fileRef = ABE8D28B217E5422003455C9 /* AppDelegate.swift */; };
		ABE8D291217E5422003455C9 /* Main.storyboard in Resources */ = {isa = PBXBuildFile; fileRef = ABE8D28F217E5422003455C9 /* Main.storyboard */; };
		ABE8D293217E542D003455C9 /* Assets.xcassets in Resources */ = {isa = PBXBuildFile; fileRef = ABE8D292217E542D003455C9 /* Assets.xcassets */; };
		ABE8D296217E542D003455C9 /* LaunchScreen.storyboard in Resources */ = {isa = PBXBuildFile; fileRef = ABE8D294217E542D003455C9 /* LaunchScreen.storyboard */; };
		ABE8D2A1217E542E003455C9 /* TacoPopTests.swift in Sources */ = {isa = PBXBuildFile; fileRef = ABE8D2A0217E542E003455C9 /* TacoPopTests.swift */; };
		ABE8D2AC217E542E003455C9 /* TacoPopUITests.swift in Sources */ = {isa = PBXBuildFile; fileRef = ABE8D2AB217E542E003455C9 /* TacoPopUITests.swift */; };
		ABE8D2C0217E5791003455C9 /* MainVC.swift in Sources */ = {isa = PBXBuildFile; fileRef = ABE8D2BF217E5791003455C9 /* MainVC.swift */; };
		ABE8D2C2217E5ACC003455C9 /* DropShadow.swift in Sources */ = {isa = PBXBuildFile; fileRef = ABE8D2C1217E5ACC003455C9 /* DropShadow.swift */; };
		ABE8D2C4217E5F17003455C9 /* HeaderView.swift in Sources */ = {isa = PBXBuildFile; fileRef = ABE8D2C3217E5F17003455C9 /* HeaderView.swift */; };
		ABE8D2C6217E659D003455C9 /* Taco.swift in Sources */ = {isa = PBXBuildFile; fileRef = ABE8D2C5217E659D003455C9 /* Taco.swift */; };
		ABE8D2C8217E6D84003455C9 /* DataService.swift in Sources */ = {isa = PBXBuildFile; fileRef = ABE8D2C7217E6D84003455C9 /* DataService.swift */; };
		ABE8D2CB217E7342003455C9 /* TacoCell.swift in Sources */ = {isa = PBXBuildFile; fileRef = ABE8D2C9217E7342003455C9 /* TacoCell.swift */; };
		ABE8D2CC217E7342003455C9 /* TacoCell.xib in Resources */ = {isa = PBXBuildFile; fileRef = ABE8D2CA217E7342003455C9 /* TacoCell.xib */; };
		ABE8D2CE217E7D07003455C9 /* ReusableView.swift in Sources */ = {isa = PBXBuildFile; fileRef = ABE8D2CD217E7D07003455C9 /* ReusableView.swift */; };
		ABE8D2D1217E7F54003455C9 /* NibLoadableView.swift in Sources */ = {isa = PBXBuildFile; fileRef = ABE8D2D0217E7F54003455C9 /* NibLoadableView.swift */; };
/* End PBXBuildFile section */

/* Begin PBXContainerItemProxy section */
		ABE8D29D217E542D003455C9 /* PBXContainerItemProxy */ = {
			isa = PBXContainerItemProxy;
			containerPortal = ABE8D280217E5422003455C9 /* Project object */;
			proxyType = 1;
			remoteGlobalIDString = ABE8D287217E5422003455C9;
			remoteInfo = TacoPop;
		};
		ABE8D2A8217E542E003455C9 /* PBXContainerItemProxy */ = {
			isa = PBXContainerItemProxy;
			containerPortal = ABE8D280217E5422003455C9 /* Project object */;
			proxyType = 1;
			remoteGlobalIDString = ABE8D287217E5422003455C9;
			remoteInfo = TacoPop;
		};
/* End PBXContainerItemProxy section */

/* Begin PBXFileReference section */
		AB464F15217FAA33009F111F /* MutableCollection+Ext.swift */ = {isa = PBXFileReference; lastKnownFileType = sourcecode.swift; path = "MutableCollection+Ext.swift"; sourceTree = "<group>"; };
		AB464F17217FAE42009F111F /* Shakeable.swift */ = {isa = PBXFileReference; lastKnownFileType = sourcecode.swift; path = Shakeable.swift; sourceTree = "<group>"; };
		ABA34BA9217F6B540057CD42 /* UIColectionView+Ext.swift */ = {isa = PBXFileReference; lastKnownFileType = sourcecode.swift; path = "UIColectionView+Ext.swift"; sourceTree = "<group>"; };
		ABE8D288217E5422003455C9 /* TacoPop.app */ = {isa = PBXFileReference; explicitFileType = wrapper.application; includeInIndex = 0; path = TacoPop.app; sourceTree = BUILT_PRODUCTS_DIR; };
		ABE8D28B217E5422003455C9 /* AppDelegate.swift */ = {isa = PBXFileReference; lastKnownFileType = sourcecode.swift; path = AppDelegate.swift; sourceTree = "<group>"; };
		ABE8D290217E5422003455C9 /* Base */ = {isa = PBXFileReference; lastKnownFileType = file.storyboard; name = Base; path = Base.lproj/Main.storyboard; sourceTree = "<group>"; };
		ABE8D292217E542D003455C9 /* Assets.xcassets */ = {isa = PBXFileReference; lastKnownFileType = folder.assetcatalog; path = Assets.xcassets; sourceTree = "<group>"; };
		ABE8D295217E542D003455C9 /* Base */ = {isa = PBXFileReference; lastKnownFileType = file.storyboard; name = Base; path = Base.lproj/LaunchScreen.storyboard; sourceTree = "<group>"; };
		ABE8D297217E542D003455C9 /* Info.plist */ = {isa = PBXFileReference; lastKnownFileType = text.plist.xml; path = Info.plist; sourceTree = "<group>"; };
		ABE8D29C217E542D003455C9 /* TacoPopTests.xctest */ = {isa = PBXFileReference; explicitFileType = wrapper.cfbundle; includeInIndex = 0; path = TacoPopTests.xctest; sourceTree = BUILT_PRODUCTS_DIR; };
		ABE8D2A0217E542E003455C9 /* TacoPopTests.swift */ = {isa = PBXFileReference; lastKnownFileType = sourcecode.swift; path = TacoPopTests.swift; sourceTree = "<group>"; };
		ABE8D2A2217E542E003455C9 /* Info.plist */ = {isa = PBXFileReference; lastKnownFileType = text.plist.xml; path = Info.plist; sourceTree = "<group>"; };
		ABE8D2A7217E542E003455C9 /* TacoPopUITests.xctest */ = {isa = PBXFileReference; explicitFileType = wrapper.cfbundle; includeInIndex = 0; path = TacoPopUITests.xctest; sourceTree = BUILT_PRODUCTS_DIR; };
		ABE8D2AB217E542E003455C9 /* TacoPopUITests.swift */ = {isa = PBXFileReference; lastKnownFileType = sourcecode.swift; path = TacoPopUITests.swift; sourceTree = "<group>"; };
		ABE8D2AD217E542E003455C9 /* Info.plist */ = {isa = PBXFileReference; lastKnownFileType = text.plist.xml; path = Info.plist; sourceTree = "<group>"; };
		ABE8D2BF217E5791003455C9 /* MainVC.swift */ = {isa = PBXFileReference; lastKnownFileType = sourcecode.swift; path = MainVC.swift; sourceTree = "<group>"; };
		ABE8D2C1217E5ACC003455C9 /* DropShadow.swift */ = {isa = PBXFileReference; lastKnownFileType = sourcecode.swift; path = DropShadow.swift; sourceTree = "<group>"; };
		ABE8D2C3217E5F17003455C9 /* HeaderView.swift */ = {isa = PBXFileReference; lastKnownFileType = sourcecode.swift; path = HeaderView.swift; sourceTree = "<group>"; };
		ABE8D2C5217E659D003455C9 /* Taco.swift */ = {isa = PBXFileReference; lastKnownFileType = sourcecode.swift; path = Taco.swift; sourceTree = "<group>"; };
		ABE8D2C7217E6D84003455C9 /* DataService.swift */ = {isa = PBXFileReference; lastKnownFileType = sourcecode.swift; path = DataService.swift; sourceTree = "<group>"; };
		ABE8D2C9217E7342003455C9 /* TacoCell.swift */ = {isa = PBXFileReference; lastKnownFileType = sourcecode.swift; path = TacoCell.swift; sourceTree = "<group>"; };
		ABE8D2CA217E7342003455C9 /* TacoCell.xib */ = {isa = PBXFileReference; lastKnownFileType = file.xib; path = TacoCell.xib; sourceTree = "<group>"; };
		ABE8D2CD217E7D07003455C9 /* ReusableView.swift */ = {isa = PBXFileReference; lastKnownFileType = sourcecode.swift; path = ReusableView.swift; sourceTree = "<group>"; };
		ABE8D2D0217E7F54003455C9 /* NibLoadableView.swift */ = {isa = PBXFileReference; lastKnownFileType = sourcecode.swift; path = NibLoadableView.swift; sourceTree = "<group>"; };
/* End PBXFileReference section */

/* Begin PBXFrameworksBuildPhase section */
		ABE8D285217E5422003455C9 /* Frameworks */ = {
			isa = PBXFrameworksBuildPhase;
			buildActionMask = 2147483647;
			files = (
			);
			runOnlyForDeploymentPostprocessing = 0;
		};
		ABE8D299217E542D003455C9 /* Frameworks */ = {
			isa = PBXFrameworksBuildPhase;
			buildActionMask = 2147483647;
			files = (
			);
			runOnlyForDeploymentPostprocessing = 0;
		};
		ABE8D2A4217E542E003455C9 /* Frameworks */ = {
			isa = PBXFrameworksBuildPhase;
			buildActionMask = 2147483647;
			files = (
			);
			runOnlyForDeploymentPostprocessing = 0;
		};
/* End PBXFrameworksBuildPhase section */

/* Begin PBXGroup section */
		ABE8D27F217E5422003455C9 = {
			isa = PBXGroup;
			children = (
				ABE8D28A217E5422003455C9 /* TacoPop */,
				ABE8D2BC217E5645003455C9 /* Resources */,
				ABE8D29F217E542E003455C9 /* TacoPopTests */,
				ABE8D2AA217E542E003455C9 /* TacoPopUITests */,
				ABE8D289217E5422003455C9 /* Products */,
			);
			sourceTree = "<group>";
		};
		ABE8D289217E5422003455C9 /* Products */ = {
			isa = PBXGroup;
			children = (
				ABE8D288217E5422003455C9 /* TacoPop.app */,
				ABE8D29C217E542D003455C9 /* TacoPopTests.xctest */,
				ABE8D2A7217E542E003455C9 /* TacoPopUITests.xctest */,
			);
			name = Products;
			sourceTree = "<group>";
		};
		ABE8D28A217E5422003455C9 /* TacoPop */ = {
			isa = PBXGroup;
			children = (
				ABE8D2BE217E56CF003455C9 /* Extensions */,
				ABE8D2BD217E564D003455C9 /* Protocols */,
				ABE8D2BB217E5636003455C9 /* Controller */,
				ABE8D2BA217E562D003455C9 /* View */,
				ABE8D2B9217E5627003455C9 /* Model */,
			);
			path = TacoPop;
			sourceTree = "<group>";
		};
		ABE8D29F217E542E003455C9 /* TacoPopTests */ = {
			isa = PBXGroup;
			children = (
				ABE8D2A0217E542E003455C9 /* TacoPopTests.swift */,
				ABE8D2A2217E542E003455C9 /* Info.plist */,
			);
			path = TacoPopTests;
			sourceTree = "<group>";
		};
		ABE8D2AA217E542E003455C9 /* TacoPopUITests */ = {
			isa = PBXGroup;
			children = (
				ABE8D2AB217E542E003455C9 /* TacoPopUITests.swift */,
				ABE8D2AD217E542E003455C9 /* Info.plist */,
			);
			path = TacoPopUITests;
			sourceTree = "<group>";
		};
		ABE8D2B9217E5627003455C9 /* Model */ = {
			isa = PBXGroup;
			children = (
				ABE8D2C5217E659D003455C9 /* Taco.swift */,
				ABE8D2C7217E6D84003455C9 /* DataService.swift */,
			);
			path = Model;
			sourceTree = "<group>";
		};
		ABE8D2BA217E562D003455C9 /* View */ = {
			isa = PBXGroup;
			children = (
				ABE8D28F217E5422003455C9 /* Main.storyboard */,
				ABE8D294217E542D003455C9 /* LaunchScreen.storyboard */,
				ABE8D2C3217E5F17003455C9 /* HeaderView.swift */,
				ABE8D2C9217E7342003455C9 /* TacoCell.swift */,
				ABE8D2CA217E7342003455C9 /* TacoCell.xib */,
			);
			path = View;
			sourceTree = "<group>";
		};
		ABE8D2BB217E5636003455C9 /* Controller */ = {
			isa = PBXGroup;
			children = (
				ABE8D28B217E5422003455C9 /* AppDelegate.swift */,
				ABE8D2BF217E5791003455C9 /* MainVC.swift */,
			);
			path = Controller;
			sourceTree = "<group>";
		};
		ABE8D2BC217E5645003455C9 /* Resources */ = {
			isa = PBXGroup;
			children = (
				ABE8D297217E542D003455C9 /* Info.plist */,
				ABE8D292217E542D003455C9 /* Assets.xcassets */,
			);
			path = Resources;
			sourceTree = "<group>";
		};
		ABE8D2BD217E564D003455C9 /* Protocols */ = {
			isa = PBXGroup;
			children = (
				ABE8D2C1217E5ACC003455C9 /* DropShadow.swift */,
				ABE8D2CD217E7D07003455C9 /* ReusableView.swift */,
				ABE8D2D0217E7F54003455C9 /* NibLoadableView.swift */,
				AB464F17217FAE42009F111F /* Shakeable.swift */,
			);
			path = Protocols;
			sourceTree = "<group>";
		};
		ABE8D2BE217E56CF003455C9 /* Extensions */ = {
			isa = PBXGroup;
			children = (
				ABA34BA9217F6B540057CD42 /* UIColectionView+Ext.swift */,
				AB464F15217FAA33009F111F /* MutableCollection+Ext.swift */,
			);
			path = Extensions;
			sourceTree = "<group>";
		};
/* End PBXGroup section */

/* Begin PBXNativeTarget section */
		ABE8D287217E5422003455C9 /* TacoPop */ = {
			isa = PBXNativeTarget;
			buildConfigurationList = ABE8D2B0217E542E003455C9 /* Build configuration list for PBXNativeTarget "TacoPop" */;
			buildPhases = (
				ABE8D284217E5422003455C9 /* Sources */,
				ABE8D285217E5422003455C9 /* Frameworks */,
				ABE8D286217E5422003455C9 /* Resources */,
			);
			buildRules = (
			);
			dependencies = (
			);
			name = TacoPop;
			productName = TacoPop;
			productReference = ABE8D288217E5422003455C9 /* TacoPop.app */;
			productType = "com.apple.product-type.application";
		};
		ABE8D29B217E542D003455C9 /* TacoPopTests */ = {
			isa = PBXNativeTarget;
			buildConfigurationList = ABE8D2B3217E542E003455C9 /* Build configuration list for PBXNativeTarget "TacoPopTests" */;
			buildPhases = (
				ABE8D298217E542D003455C9 /* Sources */,
				ABE8D299217E542D003455C9 /* Frameworks */,
				ABE8D29A217E542D003455C9 /* Resources */,
			);
			buildRules = (
			);
			dependencies = (
				ABE8D29E217E542D003455C9 /* PBXTargetDependency */,
			);
			name = TacoPopTests;
			productName = TacoPopTests;
			productReference = ABE8D29C217E542D003455C9 /* TacoPopTests.xctest */;
			productType = "com.apple.product-type.bundle.unit-test";
		};
		ABE8D2A6217E542E003455C9 /* TacoPopUITests */ = {
			isa = PBXNativeTarget;
			buildConfigurationList = ABE8D2B6217E542E003455C9 /* Build configuration list for PBXNativeTarget "TacoPopUITests" */;
			buildPhases = (
				ABE8D2A3217E542E003455C9 /* Sources */,
				ABE8D2A4217E542E003455C9 /* Frameworks */,
				ABE8D2A5217E542E003455C9 /* Resources */,
			);
			buildRules = (
			);
			dependencies = (
				ABE8D2A9217E542E003455C9 /* PBXTargetDependency */,
			);
			name = TacoPopUITests;
			productName = TacoPopUITests;
			productReference = ABE8D2A7217E542E003455C9 /* TacoPopUITests.xctest */;
			productType = "com.apple.product-type.bundle.ui-testing";
		};
/* End PBXNativeTarget section */

/* Begin PBXProject section */
		ABE8D280217E5422003455C9 /* Project object */ = {
			isa = PBXProject;
			attributes = {
				LastSwiftUpdateCheck = 0940;
				LastUpgradeCheck = 0940;
				ORGANIZATIONNAME = "Fray Pineda";
				TargetAttributes = {
					ABE8D287217E5422003455C9 = {
						CreatedOnToolsVersion = 9.4.1;
					};
					ABE8D29B217E542D003455C9 = {
						CreatedOnToolsVersion = 9.4.1;
						TestTargetID = ABE8D287217E5422003455C9;
					};
					ABE8D2A6217E542E003455C9 = {
						CreatedOnToolsVersion = 9.4.1;
						TestTargetID = ABE8D287217E5422003455C9;
					};
				};
			};
			buildConfigurationList = ABE8D283217E5422003455C9 /* Build configuration list for PBXProject "TacoPop" */;
			compatibilityVersion = "Xcode 9.3";
			developmentRegion = en;
			hasScannedForEncodings = 0;
			knownRegions = (
				en,
				Base,
			);
			mainGroup = ABE8D27F217E5422003455C9;
			productRefGroup = ABE8D289217E5422003455C9 /* Products */;
			projectDirPath = "";
			projectRoot = "";
			targets = (
				ABE8D287217E5422003455C9 /* TacoPop */,
				ABE8D29B217E542D003455C9 /* TacoPopTests */,
				ABE8D2A6217E542E003455C9 /* TacoPopUITests */,
			);
		};
/* End PBXProject section */

/* Begin PBXResourcesBuildPhase section */
		ABE8D286217E5422003455C9 /* Resources */ = {
			isa = PBXResourcesBuildPhase;
			buildActionMask = 2147483647;
			files = (
				ABE8D2CC217E7342003455C9 /* TacoCell.xib in Resources */,
				ABE8D296217E542D003455C9 /* LaunchScreen.storyboard in Resources */,
				ABE8D293217E542D003455C9 /* Assets.xcassets in Resources */,
				ABE8D291217E5422003455C9 /* Main.storyboard in Resources */,
			);
			runOnlyForDeploymentPostprocessing = 0;
		};
		ABE8D29A217E542D003455C9 /* Resources */ = {
			isa = PBXResourcesBuildPhase;
			buildActionMask = 2147483647;
			files = (
			);
			runOnlyForDeploymentPostprocessing = 0;
		};
		ABE8D2A5217E542E003455C9 /* Resources */ = {
			isa = PBXResourcesBuildPhase;
			buildActionMask = 2147483647;
			files = (
			);
			runOnlyForDeploymentPostprocessing = 0;
		};
/* End PBXResourcesBuildPhase section */

/* Begin PBXSourcesBuildPhase section */
		ABE8D284217E5422003455C9 /* Sources */ = {
			isa = PBXSourcesBuildPhase;
			buildActionMask = 2147483647;
			files = (
				ABE8D2CB217E7342003455C9 /* TacoCell.swift in Sources */,
				AB464F16217FAA33009F111F /* MutableCollection+Ext.swift in Sources */,
				ABA34BAA217F6B540057CD42 /* UIColectionView+Ext.swift in Sources */,
				ABE8D28C217E5422003455C9 /* AppDelegate.swift in Sources */,
				ABE8D2C2217E5ACC003455C9 /* DropShadow.swift in Sources */,
				ABE8D2D1217E7F54003455C9 /* NibLoadableView.swift in Sources */,
				ABE8D2CE217E7D07003455C9 /* ReusableView.swift in Sources */,
				ABE8D2C0217E5791003455C9 /* MainVC.swift in Sources */,
				ABE8D2C8217E6D84003455C9 /* DataService.swift in Sources */,
				ABE8D2C6217E659D003455C9 /* Taco.swift in Sources */,
				AB464F18217FAE42009F111F /* Shakeable.swift in Sources */,
				ABE8D2C4217E5F17003455C9 /* HeaderView.swift in Sources */,
			);
			runOnlyForDeploymentPostprocessing = 0;
		};
		ABE8D298217E542D003455C9 /* Sources */ = {
			isa = PBXSourcesBuildPhase;
			buildActionMask = 2147483647;
			files = (
				ABE8D2A1217E542E003455C9 /* TacoPopTests.swift in Sources */,
			);
			runOnlyForDeploymentPostprocessing = 0;
		};
		ABE8D2A3217E542E003455C9 /* Sources */ = {
			isa = PBXSourcesBuildPhase;
			buildActionMask = 2147483647;
			files = (
				ABE8D2AC217E542E003455C9 /* TacoPopUITests.swift in Sources */,
			);
			runOnlyForDeploymentPostprocessing = 0;
		};
/* End PBXSourcesBuildPhase section */

/* Begin PBXTargetDependency section */
		ABE8D29E217E542D003455C9 /* PBXTargetDependency */ = {
			isa = PBXTargetDependency;
			target = ABE8D287217E5422003455C9 /* TacoPop */;
			targetProxy = ABE8D29D217E542D003455C9 /* PBXContainerItemProxy */;
		};
		ABE8D2A9217E542E003455C9 /* PBXTargetDependency */ = {
			isa = PBXTargetDependency;
			target = ABE8D287217E5422003455C9 /* TacoPop */;
			targetProxy = ABE8D2A8217E542E003455C9 /* PBXContainerItemProxy */;
		};
/* End PBXTargetDependency section */

/* Begin PBXVariantGroup section */
		ABE8D28F217E5422003455C9 /* Main.storyboard */ = {
			isa = PBXVariantGroup;
			children = (
				ABE8D290217E5422003455C9 /* Base */,
			);
			name = Main.storyboard;
			sourceTree = "<group>";
		};
		ABE8D294217E542D003455C9 /* LaunchScreen.storyboard */ = {
			isa = PBXVariantGroup;
			children = (
				ABE8D295217E542D003455C9 /* Base */,
			);
			name = LaunchScreen.storyboard;
			sourceTree = "<group>";
		};
/* End PBXVariantGroup section */

/* Begin XCBuildConfiguration section */
		ABE8D2AE217E542E003455C9 /* Debug */ = {
			isa = XCBuildConfiguration;
			buildSettings = {
				ALWAYS_SEARCH_USER_PATHS = NO;
				CLANG_ANALYZER_NONNULL = YES;
				CLANG_ANALYZER_NUMBER_OBJECT_CONVERSION = YES_AGGRESSIVE;
				CLANG_CXX_LANGUAGE_STANDARD = "gnu++14";
				CLANG_CXX_LIBRARY = "libc++";
				CLANG_ENABLE_MODULES = YES;
				CLANG_ENABLE_OBJC_ARC = YES;
				CLANG_ENABLE_OBJC_WEAK = YES;
				CLANG_WARN_BLOCK_CAPTURE_AUTORELEASING = YES;
				CLANG_WARN_BOOL_CONVERSION = YES;
				CLANG_WARN_COMMA = YES;
				CLANG_WARN_CONSTANT_CONVERSION = YES;
				CLANG_WARN_DEPRECATED_OBJC_IMPLEMENTATIONS = YES;
				CLANG_WARN_DIRECT_OBJC_ISA_USAGE = YES_ERROR;
				CLANG_WARN_DOCUMENTATION_COMMENTS = YES;
				CLANG_WARN_EMPTY_BODY = YES;
				CLANG_WARN_ENUM_CONVERSION = YES;
				CLANG_WARN_INFINITE_RECURSION = YES;
				CLANG_WARN_INT_CONVERSION = YES;
				CLANG_WARN_NON_LITERAL_NULL_CONVERSION = YES;
				CLANG_WARN_OBJC_IMPLICIT_RETAIN_SELF = YES;
				CLANG_WARN_OBJC_LITERAL_CONVERSION = YES;
				CLANG_WARN_OBJC_ROOT_CLASS = YES_ERROR;
				CLANG_WARN_RANGE_LOOP_ANALYSIS = YES;
				CLANG_WARN_STRICT_PROTOTYPES = YES;
				CLANG_WARN_SUSPICIOUS_MOVE = YES;
				CLANG_WARN_UNGUARDED_AVAILABILITY = YES_AGGRESSIVE;
				CLANG_WARN_UNREACHABLE_CODE = YES;
				CLANG_WARN__DUPLICATE_METHOD_MATCH = YES;
				CODE_SIGN_IDENTITY = "iPhone Developer";
				COPY_PHASE_STRIP = NO;
				DEBUG_INFORMATION_FORMAT = dwarf;
				ENABLE_STRICT_OBJC_MSGSEND = YES;
				ENABLE_TESTABILITY = YES;
				GCC_C_LANGUAGE_STANDARD = gnu11;
				GCC_DYNAMIC_NO_PIC = NO;
				GCC_NO_COMMON_BLOCKS = YES;
				GCC_OPTIMIZATION_LEVEL = 0;
				GCC_PREPROCESSOR_DEFINITIONS = (
					"DEBUG=1",
					"$(inherited)",
				);
				GCC_WARN_64_TO_32_BIT_CONVERSION = YES;
				GCC_WARN_ABOUT_RETURN_TYPE = YES_ERROR;
				GCC_WARN_UNDECLARED_SELECTOR = YES;
				GCC_WARN_UNINITIALIZED_AUTOS = YES_AGGRESSIVE;
				GCC_WARN_UNUSED_FUNCTION = YES;
				GCC_WARN_UNUSED_VARIABLE = YES;
				IPHONEOS_DEPLOYMENT_TARGET = 11.4;
				MTL_ENABLE_DEBUG_INFO = YES;
				ONLY_ACTIVE_ARCH = YES;
				SDKROOT = iphoneos;
				SWIFT_ACTIVE_COMPILATION_CONDITIONS = DEBUG;
				SWIFT_OPTIMIZATION_LEVEL = "-Onone";
			};
			name = Debug;
		};
		ABE8D2AF217E542E003455C9 /* Release */ = {
			isa = XCBuildConfiguration;
			buildSettings = {
				ALWAYS_SEARCH_USER_PATHS = NO;
				CLANG_ANALYZER_NONNULL = YES;
				CLANG_ANALYZER_NUMBER_OBJECT_CONVERSION = YES_AGGRESSIVE;
				CLANG_CXX_LANGUAGE_STANDARD = "gnu++14";
				CLANG_CXX_LIBRARY = "libc++";
				CLANG_ENABLE_MODULES = YES;
				CLANG_ENABLE_OBJC_ARC = YES;
				CLANG_ENABLE_OBJC_WEAK = YES;
				CLANG_WARN_BLOCK_CAPTURE_AUTORELEASING = YES;
				CLANG_WARN_BOOL_CONVERSION = YES;
				CLANG_WARN_COMMA = YES;
				CLANG_WARN_CONSTANT_CONVERSION = YES;
				CLANG_WARN_DEPRECATED_OBJC_IMPLEMENTATIONS = YES;
				CLANG_WARN_DIRECT_OBJC_ISA_USAGE = YES_ERROR;
				CLANG_WARN_DOCUMENTATION_COMMENTS = YES;
				CLANG_WARN_EMPTY_BODY = YES;
				CLANG_WARN_ENUM_CONVERSION = YES;
				CLANG_WARN_INFINITE_RECURSION = YES;
				CLANG_WARN_INT_CONVERSION = YES;
				CLANG_WARN_NON_LITERAL_NULL_CONVERSION = YES;
				CLANG_WARN_OBJC_IMPLICIT_RETAIN_SELF = YES;
				CLANG_WARN_OBJC_LITERAL_CONVERSION = YES;
				CLANG_WARN_OBJC_ROOT_CLASS = YES_ERROR;
				CLANG_WARN_RANGE_LOOP_ANALYSIS = YES;
				CLANG_WARN_STRICT_PROTOTYPES = YES;
				CLANG_WARN_SUSPICIOUS_MOVE = YES;
				CLANG_WARN_UNGUARDED_AVAILABILITY = YES_AGGRESSIVE;
				CLANG_WARN_UNREACHABLE_CODE = YES;
				CLANG_WARN__DUPLICATE_METHOD_MATCH = YES;
				CODE_SIGN_IDENTITY = "iPhone Developer";
				COPY_PHASE_STRIP = NO;
				DEBUG_INFORMATION_FORMAT = "dwarf-with-dsym";
				ENABLE_NS_ASSERTIONS = NO;
				ENABLE_STRICT_OBJC_MSGSEND = YES;
				GCC_C_LANGUAGE_STANDARD = gnu11;
				GCC_NO_COMMON_BLOCKS = YES;
				GCC_WARN_64_TO_32_BIT_CONVERSION = YES;
				GCC_WARN_ABOUT_RETURN_TYPE = YES_ERROR;
				GCC_WARN_UNDECLARED_SELECTOR = YES;
				GCC_WARN_UNINITIALIZED_AUTOS = YES_AGGRESSIVE;
				GCC_WARN_UNUSED_FUNCTION = YES;
				GCC_WARN_UNUSED_VARIABLE = YES;
				IPHONEOS_DEPLOYMENT_TARGET = 11.4;
				MTL_ENABLE_DEBUG_INFO = NO;
				SDKROOT = iphoneos;
				SWIFT_COMPILATION_MODE = wholemodule;
				SWIFT_OPTIMIZATION_LEVEL = "-O";
				VALIDATE_PRODUCT = YES;
			};
			name = Release;
		};
		ABE8D2B1217E542E003455C9 /* Debug */ = {
			isa = XCBuildConfiguration;
			buildSettings = {
				ASSETCATALOG_COMPILER_APPICON_NAME = AppIcon;
				CODE_SIGN_IDENTITY = "iPhone Developer";
				CODE_SIGN_STYLE = Automatic;
				DEVELOPMENT_TEAM = A35C8K4BJS;
				INFOPLIST_FILE = "$(SRCROOT)/Resources/Info.plist";
				LD_RUNPATH_SEARCH_PATHS = (
					"$(inherited)",
					"@executable_path/Frameworks",
				);
				PRODUCT_BUNDLE_IDENTIFIER = ss.TacoPop;
				PRODUCT_NAME = "$(TARGET_NAME)";
				PROVISIONING_PROFILE_SPECIFIER = "";
				SWIFT_VERSION = 4.0;
				TARGETED_DEVICE_FAMILY = "1,2";
			};
			name = Debug;
		};
		ABE8D2B2217E542E003455C9 /* Release */ = {
			isa = XCBuildConfiguration;
			buildSettings = {
				ASSETCATALOG_COMPILER_APPICON_NAME = AppIcon;
				CODE_SIGN_IDENTITY = "iPhone Developer";
				CODE_SIGN_STYLE = Automatic;
				DEVELOPMENT_TEAM = A35C8K4BJS;
				INFOPLIST_FILE = "$(SRCROOT)/Resources/Info.plist";
				LD_RUNPATH_SEARCH_PATHS = (
					"$(inherited)",
					"@executable_path/Frameworks",
				);
				PRODUCT_BUNDLE_IDENTIFIER = ss.TacoPop;
				PRODUCT_NAME = "$(TARGET_NAME)";
				PROVISIONING_PROFILE_SPECIFIER = "";
				SWIFT_VERSION = 4.0;
				TARGETED_DEVICE_FAMILY = "1,2";
			};
			name = Release;
		};
		ABE8D2B4217E542E003455C9 /* Debug */ = {
			isa = XCBuildConfiguration;
			buildSettings = {
				ALWAYS_EMBED_SWIFT_STANDARD_LIBRARIES = YES;
				BUNDLE_LOADER = "$(TEST_HOST)";
				CODE_SIGN_STYLE = Automatic;
				DEVELOPMENT_TEAM = A35C8K4BJS;
				INFOPLIST_FILE = TacoPopTests/Info.plist;
				LD_RUNPATH_SEARCH_PATHS = (
					"$(inherited)",
					"@executable_path/Frameworks",
					"@loader_path/Frameworks",
				);
				PRODUCT_BUNDLE_IDENTIFIER = ss.TacoPopTests;
				PRODUCT_NAME = "$(TARGET_NAME)";
				SWIFT_VERSION = 4.0;
				TARGETED_DEVICE_FAMILY = "1,2";
				TEST_HOST = "$(BUILT_PRODUCTS_DIR)/TacoPop.app/TacoPop";
			};
			name = Debug;
		};
		ABE8D2B5217E542E003455C9 /* Release */ = {
			isa = XCBuildConfiguration;
			buildSettings = {
				ALWAYS_EMBED_SWIFT_STANDARD_LIBRARIES = YES;
				BUNDLE_LOADER = "$(TEST_HOST)";
				CODE_SIGN_STYLE = Automatic;
				DEVELOPMENT_TEAM = A35C8K4BJS;
				INFOPLIST_FILE = TacoPopTests/Info.plist;
				LD_RUNPATH_SEARCH_PATHS = (
					"$(inherited)",
					"@executable_path/Frameworks",
					"@loader_path/Frameworks",
				);
				PRODUCT_BUNDLE_IDENTIFIER = ss.TacoPopTests;
				PRODUCT_NAME = "$(TARGET_NAME)";
				SWIFT_VERSION = 4.0;
				TARGETED_DEVICE_FAMILY = "1,2";
				TEST_HOST = "$(BUILT_PRODUCTS_DIR)/TacoPop.app/TacoPop";
			};
			name = Release;
		};
		ABE8D2B7217E542E003455C9 /* Debug */ = {
			isa = XCBuildConfiguration;
			buildSettings = {
				ALWAYS_EMBED_SWIFT_STANDARD_LIBRARIES = YES;
				CODE_SIGN_STYLE = Automatic;
				DEVELOPMENT_TEAM = A35C8K4BJS;
				INFOPLIST_FILE = TacoPopUITests/Info.plist;
				LD_RUNPATH_SEARCH_PATHS = (
					"$(inherited)",
					"@executable_path/Frameworks",
					"@loader_path/Frameworks",
				);
				PRODUCT_BUNDLE_IDENTIFIER = ss.TacoPopUITests;
				PRODUCT_NAME = "$(TARGET_NAME)";
				SWIFT_VERSION = 4.0;
				TARGETED_DEVICE_FAMILY = "1,2";
				TEST_TARGET_NAME = TacoPop;
			};
			name = Debug;
		};
		ABE8D2B8217E542E003455C9 /* Release */ = {
			isa = XCBuildConfiguration;
			buildSettings = {
				ALWAYS_EMBED_SWIFT_STANDARD_LIBRARIES = YES;
				CODE_SIGN_STYLE = Automatic;
				DEVELOPMENT_TEAM = A35C8K4BJS;
				INFOPLIST_FILE = TacoPopUITests/Info.plist;
				LD_RUNPATH_SEARCH_PATHS = (
					"$(inherited)",
					"@executable_path/Frameworks",
					"@loader_path/Frameworks",
				);
				PRODUCT_BUNDLE_IDENTIFIER = ss.TacoPopUITests;
				PRODUCT_NAME = "$(TARGET_NAME)";
				SWIFT_VERSION = 4.0;
				TARGETED_DEVICE_FAMILY = "1,2";
				TEST_TARGET_NAME = TacoPop;
			};
			name = Release;
		};
/* End XCBuildConfiguration section */

/* Begin XCConfigurationList section */
		ABE8D283217E5422003455C9 /* Build configuration list for PBXProject "TacoPop" */ = {
			isa = XCConfigurationList;
			buildConfigurations = (
				ABE8D2AE217E542E003455C9 /* Debug */,
				ABE8D2AF217E542E003455C9 /* Release */,
			);
			defaultConfigurationIsVisible = 0;
			defaultConfigurationName = Release;
		};
		ABE8D2B0217E542E003455C9 /* Build configuration list for PBXNativeTarget "TacoPop" */ = {
			isa = XCConfigurationList;
			buildConfigurations = (
				ABE8D2B1217E542E003455C9 /* Debug */,
				ABE8D2B2217E542E003455C9 /* Release */,
			);
			defaultConfigurationIsVisible = 0;
			defaultConfigurationName = Release;
		};
		ABE8D2B3217E542E003455C9 /* Build configuration list for PBXNativeTarget "TacoPopTests" */ = {
			isa = XCConfigurationList;
			buildConfigurations = (
				ABE8D2B4217E542E003455C9 /* Debug */,
				ABE8D2B5217E542E003455C9 /* Release */,
			);
			defaultConfigurationIsVisible = 0;
			defaultConfigurationName = Release;
		};
		ABE8D2B6217E542E003455C9 /* Build configuration list for PBXNativeTarget "TacoPopUITests" */ = {
			isa = XCConfigurationList;
			buildConfigurations = (
				ABE8D2B7217E542E003455C9 /* Debug */,
				ABE8D2B8217E542E003455C9 /* Release */,
			);
			defaultConfigurationIsVisible = 0;
			defaultConfigurationName = Release;
		};
/* End XCConfigurationList section */
	};
	rootObject = ABE8D280217E5422003455C9 /* Project object */;
}
